
Microsoft Visual Studio Solution File, Format Version 12.00
# Visual Studio Version 17
VisualStudioVersion = 17.11.35327.3
MinimumVisualStudioVersion = 10.0.40219.1
Project("{FAE04EC0-301F-11D3-BF4B-00C04F79EFBC}") = "simple-dice-game", "simple-dice-game\simple-dice-game.csproj", "{4C43BEBB-8E7D-4042-887D-DFC0AB33731D}"
EndProject
Global
	GlobalSection(SolutionConfigurationPlatforms) = preSolution
		Debug|Any CPU = Debug|Any CPU
		Release|Any CPU = Release|Any CPU
	EndGlobalSection
	GlobalSection(ProjectConfigurationPlatforms) = postSolution
		{4C43BEBB-8E7D-4042-887D-DFC0AB33731D}.Debug|Any CPU.ActiveCfg = Debug|Any CPU
		{4C43BEBB-8E7D-4042-887D-DFC0AB33731D}.Debug|Any CPU.Build.0 = Debug|Any CPU
		{4C43BEBB-8E7D-4042-887D-DFC0AB33731D}.Release|Any CPU.ActiveCfg = Release|Any CPU
		{4C43BEBB-8E7D-4042-887D-DFC0AB33731D}.Release|Any CPU.Build.0 = Release|Any CPU
	EndGlobalSection
	GlobalSection(SolutionProperties) = preSolution
		HideSolutionNode = FALSE
	EndGlobalSection
	GlobalSection(ExtensibilityGlobals) = postSolution
		SolutionGuid = {56DA94B6-5FA1-45DF-822D-9B17E861655E}
	EndGlobalSection
EndGlobal
